// !$*UTF8*$!
{
	archiveVersion = 1;
	classes = {
	};
	objectVersion = 48;
	objects = {

/* Begin PBXBuildFile section */
		A503728F20343D72005FC1B3 /* Extensions.swift in Sources */ = {isa = PBXBuildFile; fileRef = A503728E20343D72005FC1B3 /* Extensions.swift */; };
		A51ADAE02033FF6F00C48669 /* Response.swift in Sources */ = {isa = PBXBuildFile; fileRef = A51ADADF2033FF6F00C48669 /* Response.swift */; };
		A53A01452035AD48009C8C82 /* CDNewsItem+CoreDataClass.swift in Sources */ = {isa = PBXBuildFile; fileRef = A53A01412035AD48009C8C82 /* CDNewsItem+CoreDataClass.swift */; };
		A53A01462035AD48009C8C82 /* CDNewsItem+CoreDataProperties.swift in Sources */ = {isa = PBXBuildFile; fileRef = A53A01422035AD48009C8C82 /* CDNewsItem+CoreDataProperties.swift */; };
		A53A01472035AD48009C8C82 /* CDNewsTitle+CoreDataClass.swift in Sources */ = {isa = PBXBuildFile; fileRef = A53A01432035AD48009C8C82 /* CDNewsTitle+CoreDataClass.swift */; };
		A53A01482035AD48009C8C82 /* CDNewsTitle+CoreDataProperties.swift in Sources */ = {isa = PBXBuildFile; fileRef = A53A01442035AD48009C8C82 /* CDNewsTitle+CoreDataProperties.swift */; };
		A53A014A2035AFF4009C8C82 /* CoreDataManager.swift in Sources */ = {isa = PBXBuildFile; fileRef = A53A01492035AFF4009C8C82 /* CoreDataManager.swift */; };
		A544A6992030C6A800C06D15 /* AppDelegate.swift in Sources */ = {isa = PBXBuildFile; fileRef = A544A6982030C6A800C06D15 /* AppDelegate.swift */; };
		A544A69B2030C6A800C06D15 /* MainScreenVC.swift in Sources */ = {isa = PBXBuildFile; fileRef = A544A69A2030C6A800C06D15 /* MainScreenVC.swift */; };
		A544A69E2030C6A800C06D15 /* MainScreen.storyboard in Resources */ = {isa = PBXBuildFile; fileRef = A544A69C2030C6A800C06D15 /* MainScreen.storyboard */; };
		A544A6A12030C6A800C06D15 /* News.xcdatamodeld in Sources */ = {isa = PBXBuildFile; fileRef = A544A69F2030C6A800C06D15 /* News.xcdatamodeld */; };
		A544A6A32030C6A800C06D15 /* Assets.xcassets in Resources */ = {isa = PBXBuildFile; fileRef = A544A6A22030C6A800C06D15 /* Assets.xcassets */; };
		A544A6A62030C6A800C06D15 /* LaunchScreen.storyboard in Resources */ = {isa = PBXBuildFile; fileRef = A544A6A42030C6A800C06D15 /* LaunchScreen.storyboard */; };
		A544A6BE2032CD3600C06D15 /* DetailScreenVC.swift in Sources */ = {isa = PBXBuildFile; fileRef = A544A6BD2032CD3600C06D15 /* DetailScreenVC.swift */; };
		A544A6C02032CD7C00C06D15 /* DetailScreen.storyboard in Resources */ = {isa = PBXBuildFile; fileRef = A544A6BF2032CD7C00C06D15 /* DetailScreen.storyboard */; };
		A544A6C22032D0C900C06D15 /* APIInteractor.swift in Sources */ = {isa = PBXBuildFile; fileRef = A544A6C12032D0C900C06D15 /* APIInteractor.swift */; };
		A544A6C42032D45800C06D15 /* MainScreenTableViewCell.swift in Sources */ = {isa = PBXBuildFile; fileRef = A544A6C32032D45800C06D15 /* MainScreenTableViewCell.swift */; };
/* End PBXBuildFile section */

/* Begin PBXFileReference section */
		A503728E20343D72005FC1B3 /* Extensions.swift */ = {isa = PBXFileReference; lastKnownFileType = sourcecode.swift; path = Extensions.swift; sourceTree = "<group>"; };
		A51ADADF2033FF6F00C48669 /* Response.swift */ = {isa = PBXFileReference; lastKnownFileType = sourcecode.swift; path = Response.swift; sourceTree = "<group>"; };
		A53A01412035AD48009C8C82 /* CDNewsItem+CoreDataClass.swift */ = {isa = PBXFileReference; lastKnownFileType = sourcecode.swift; path = "CDNewsItem+CoreDataClass.swift"; sourceTree = "<group>"; };
		A53A01422035AD48009C8C82 /* CDNewsItem+CoreDataProperties.swift */ = {isa = PBXFileReference; lastKnownFileType = sourcecode.swift; path = "CDNewsItem+CoreDataProperties.swift"; sourceTree = "<group>"; };
		A53A01432035AD48009C8C82 /* CDNewsTitle+CoreDataClass.swift */ = {isa = PBXFileReference; lastKnownFileType = sourcecode.swift; path = "CDNewsTitle+CoreDataClass.swift"; sourceTree = "<group>"; };
		A53A01442035AD48009C8C82 /* CDNewsTitle+CoreDataProperties.swift */ = {isa = PBXFileReference; lastKnownFileType = sourcecode.swift; path = "CDNewsTitle+CoreDataProperties.swift"; sourceTree = "<group>"; };
		A53A01492035AFF4009C8C82 /* CoreDataManager.swift */ = {isa = PBXFileReference; lastKnownFileType = sourcecode.swift; path = CoreDataManager.swift; sourceTree = "<group>"; };
		A544A6952030C6A800C06D15 /* News.app */ = {isa = PBXFileReference; explicitFileType = wrapper.application; includeInIndex = 0; path = News.app; sourceTree = BUILT_PRODUCTS_DIR; };
		A544A6982030C6A800C06D15 /* AppDelegate.swift */ = {isa = PBXFileReference; lastKnownFileType = sourcecode.swift; path = AppDelegate.swift; sourceTree = "<group>"; };
		A544A69A2030C6A800C06D15 /* MainScreenVC.swift */ = {isa = PBXFileReference; lastKnownFileType = sourcecode.swift; path = MainScreenVC.swift; sourceTree = "<group>"; };
		A544A69D2030C6A800C06D15 /* Base */ = {isa = PBXFileReference; lastKnownFileType = file.storyboard; name = Base; path = Base.lproj/MainScreen.storyboard; sourceTree = "<group>"; };
		A544A6A02030C6A800C06D15 /* News.xcdatamodel */ = {isa = PBXFileReference; lastKnownFileType = wrapper.xcdatamodel; path = News.xcdatamodel; sourceTree = "<group>"; };
		A544A6A22030C6A800C06D15 /* Assets.xcassets */ = {isa = PBXFileReference; lastKnownFileType = folder.assetcatalog; path = Assets.xcassets; sourceTree = "<group>"; };
		A544A6A52030C6A800C06D15 /* Base */ = {isa = PBXFileReference; lastKnownFileType = file.storyboard; name = Base; path = Base.lproj/LaunchScreen.storyboard; sourceTree = "<group>"; };
		A544A6A72030C6A800C06D15 /* Info.plist */ = {isa = PBXFileReference; lastKnownFileType = text.plist.xml; path = Info.plist; sourceTree = "<group>"; };
		A544A6BD2032CD3600C06D15 /* DetailScreenVC.swift */ = {isa = PBXFileReference; lastKnownFileType = sourcecode.swift; path = DetailScreenVC.swift; sourceTree = "<group>"; };
		A544A6BF2032CD7C00C06D15 /* DetailScreen.storyboard */ = {isa = PBXFileReference; lastKnownFileType = file.storyboard; path = DetailScreen.storyboard; sourceTree = "<group>"; };
		A544A6C12032D0C900C06D15 /* APIInteractor.swift */ = {isa = PBXFileReference; lastKnownFileType = sourcecode.swift; path = APIInteractor.swift; sourceTree = "<group>"; };
		A544A6C32032D45800C06D15 /* MainScreenTableViewCell.swift */ = {isa = PBXFileReference; lastKnownFileType = sourcecode.swift; path = MainScreenTableViewCell.swift; sourceTree = "<group>"; };
/* End PBXFileReference section */

/* Begin PBXFrameworksBuildPhase section */
		A544A6922030C6A800C06D15 /* Frameworks */ = {
			isa = PBXFrameworksBuildPhase;
			buildActionMask = 2147483647;
			files = (
			);
			runOnlyForDeploymentPostprocessing = 0;
		};
/* End PBXFrameworksBuildPhase section */

/* Begin PBXGroup section */
		A5199FC52035CDBF00702FD1 /* CoreData */ = {
			isa = PBXGroup;
			children = (
				A53A01412035AD48009C8C82 /* CDNewsItem+CoreDataClass.swift */,
				A53A01422035AD48009C8C82 /* CDNewsItem+CoreDataProperties.swift */,
				A53A01432035AD48009C8C82 /* CDNewsTitle+CoreDataClass.swift */,
				A53A01442035AD48009C8C82 /* CDNewsTitle+CoreDataProperties.swift */,
				A53A01492035AFF4009C8C82 /* CoreDataManager.swift */,
			);
			path = CoreData;
			sourceTree = "<group>";
		};
		A544A68C2030C6A800C06D15 = {
			isa = PBXGroup;
			children = (
				A544A6972030C6A800C06D15 /* News */,
				A544A6962030C6A800C06D15 /* Products */,
			);
			sourceTree = "<group>";
		};
		A544A6962030C6A800C06D15 /* Products */ = {
			isa = PBXGroup;
			children = (
				A544A6952030C6A800C06D15 /* News.app */,
			);
			name = Products;
			sourceTree = "<group>";
		};
		A544A6972030C6A800C06D15 /* News */ = {
			isa = PBXGroup;
			children = (
				A544A6982030C6A800C06D15 /* AppDelegate.swift */,
				A503728E20343D72005FC1B3 /* Extensions.swift */,
				A544A6C12032D0C900C06D15 /* APIInteractor.swift */,
				A51ADADF2033FF6F00C48669 /* Response.swift */,
				A5199FC52035CDBF00702FD1 /* CoreData */,
				A544A6C52032D4A900C06D15 /* Main Scene */,
				A544A6C62032D4B300C06D15 /* Detail Scene */,
				A544A6A22030C6A800C06D15 /* Assets.xcassets */,
				A544A6A42030C6A800C06D15 /* LaunchScreen.storyboard */,
				A544A6A72030C6A800C06D15 /* Info.plist */,
				A544A69F2030C6A800C06D15 /* News.xcdatamodeld */,
			);
			path = News;
			sourceTree = "<group>";
		};
		A544A6C52032D4A900C06D15 /* Main Scene */ = {
			isa = PBXGroup;
			children = (
				A544A69A2030C6A800C06D15 /* MainScreenVC.swift */,
				A544A6C32032D45800C06D15 /* MainScreenTableViewCell.swift */,
				A544A69C2030C6A800C06D15 /* MainScreen.storyboard */,
			);
			path = "Main Scene";
			sourceTree = "<group>";
		};
		A544A6C62032D4B300C06D15 /* Detail Scene */ = {
			isa = PBXGroup;
			children = (
				A544A6BD2032CD3600C06D15 /* DetailScreenVC.swift */,
				A544A6BF2032CD7C00C06D15 /* DetailScreen.storyboard */,
			);
			path = "Detail Scene";
			sourceTree = "<group>";
		};
/* End PBXGroup section */

/* Begin PBXNativeTarget section */
		A544A6942030C6A800C06D15 /* News */ = {
			isa = PBXNativeTarget;
			buildConfigurationList = A544A6AA2030C6A800C06D15 /* Build configuration list for PBXNativeTarget "News" */;
			buildPhases = (
				A544A6912030C6A800C06D15 /* Sources */,
				A544A6922030C6A800C06D15 /* Frameworks */,
				A544A6932030C6A800C06D15 /* Resources */,
			);
			buildRules = (
			);
			dependencies = (
			);
			name = News;
			productName = News;
			productReference = A544A6952030C6A800C06D15 /* News.app */;
			productType = "com.apple.product-type.application";
		};
/* End PBXNativeTarget section */

/* Begin PBXProject section */
		A544A68D2030C6A800C06D15 /* Project object */ = {
			isa = PBXProject;
			attributes = {
				LastSwiftUpdateCheck = 0920;
				LastUpgradeCheck = 0920;
				ORGANIZATIONNAME = "Sergey Roslyakov";
				TargetAttributes = {
					A544A6942030C6A800C06D15 = {
						CreatedOnToolsVersion = 9.2;
						ProvisioningStyle = Automatic;
					};
				};
			};
			buildConfigurationList = A544A6902030C6A800C06D15 /* Build configuration list for PBXProject "News" */;
			compatibilityVersion = "Xcode 8.0";
			developmentRegion = en;
			hasScannedForEncodings = 0;
			knownRegions = (
				en,
				Base,
			);
			mainGroup = A544A68C2030C6A800C06D15;
			productRefGroup = A544A6962030C6A800C06D15 /* Products */;
			projectDirPath = "";
			projectRoot = "";
			targets = (
				A544A6942030C6A800C06D15 /* News */,
			);
		};
/* End PBXProject section */

/* Begin PBXResourcesBuildPhase section */
		A544A6932030C6A800C06D15 /* Resources */ = {
			isa = PBXResourcesBuildPhase;
			buildActionMask = 2147483647;
			files = (
				A544A6C02032CD7C00C06D15 /* DetailScreen.storyboard in Resources */,
				A544A6A62030C6A800C06D15 /* LaunchScreen.storyboard in Resources */,
				A544A6A32030C6A800C06D15 /* Assets.xcassets in Resources */,
				A544A69E2030C6A800C06D15 /* MainScreen.storyboard in Resources */,
			);
			runOnlyForDeploymentPostprocessing = 0;
		};
/* End PBXResourcesBuildPhase section */

/* Begin PBXSourcesBuildPhase section */
		A544A6912030C6A800C06D15 /* Sources */ = {
			isa = PBXSourcesBuildPhase;
			buildActionMask = 2147483647;
			files = (
				A544A69B2030C6A800C06D15 /* MainScreenVC.swift in Sources */,
				A544A6A12030C6A800C06D15 /* News.xcdatamodeld in Sources */,
				A544A6C42032D45800C06D15 /* MainScreenTableViewCell.swift in Sources */,
				A53A014A2035AFF4009C8C82 /* CoreDataManager.swift in Sources */,
				A53A01472035AD48009C8C82 /* CDNewsTitle+CoreDataClass.swift in Sources */,
				A53A01482035AD48009C8C82 /* CDNewsTitle+CoreDataProperties.swift in Sources */,
				A503728F20343D72005FC1B3 /* Extensions.swift in Sources */,
				A53A01462035AD48009C8C82 /* CDNewsItem+CoreDataProperties.swift in Sources */,
				A544A6992030C6A800C06D15 /* AppDelegate.swift in Sources */,
				A544A6BE2032CD3600C06D15 /* DetailScreenVC.swift in Sources */,
				A544A6C22032D0C900C06D15 /* APIInteractor.swift in Sources */,
				A53A01452035AD48009C8C82 /* CDNewsItem+CoreDataClass.swift in Sources */,
				A51ADAE02033FF6F00C48669 /* Response.swift in Sources */,
			);
			runOnlyForDeploymentPostprocessing = 0;
		};
/* End PBXSourcesBuildPhase section */

/* Begin PBXVariantGroup section */
		A544A69C2030C6A800C06D15 /* MainScreen.storyboard */ = {
			isa = PBXVariantGroup;
			children = (
				A544A69D2030C6A800C06D15 /* Base */,
			);
			name = MainScreen.storyboard;
			sourceTree = "<group>";
		};
		A544A6A42030C6A800C06D15 /* LaunchScreen.storyboard */ = {
			isa = PBXVariantGroup;
			children = (
				A544A6A52030C6A800C06D15 /* Base */,
			);
			name = LaunchScreen.storyboard;
			sourceTree = "<group>";
		};
/* End PBXVariantGroup section */

/* Begin XCBuildConfiguration section */
		A544A6A82030C6A800C06D15 /* Debug */ = {
			isa = XCBuildConfiguration;
			buildSettings = {
				ALWAYS_SEARCH_USER_PATHS = NO;
				CLANG_ANALYZER_NONNULL = YES;
				CLANG_ANALYZER_NUMBER_OBJECT_CONVERSION = YES_AGGRESSIVE;
				CLANG_CXX_LANGUAGE_STANDARD = "gnu++14";
				CLANG_CXX_LIBRARY = "libc++";
				CLANG_ENABLE_MODULES = YES;
				CLANG_ENABLE_OBJC_ARC = YES;
				CLANG_WARN_BLOCK_CAPTURE_AUTORELEASING = YES;
				CLANG_WARN_BOOL_CONVERSION = YES;
				CLANG_WARN_COMMA = YES;
				CLANG_WARN_CONSTANT_CONVERSION = YES;
				CLANG_WARN_DIRECT_OBJC_ISA_USAGE = YES_ERROR;
				CLANG_WARN_DOCUMENTATION_COMMENTS = YES;
				CLANG_WARN_EMPTY_BODY = YES;
				CLANG_WARN_ENUM_CONVERSION = YES;
				CLANG_WARN_INFINITE_RECURSION = YES;
				CLANG_WARN_INT_CONVERSION = YES;
				CLANG_WARN_NON_LITERAL_NULL_CONVERSION = YES;
				CLANG_WARN_OBJC_LITERAL_CONVERSION = YES;
				CLANG_WARN_OBJC_ROOT_CLASS = YES_ERROR;
				CLANG_WARN_RANGE_LOOP_ANALYSIS = YES;
				CLANG_WARN_STRICT_PROTOTYPES = YES;
				CLANG_WARN_SUSPICIOUS_MOVE = YES;
				CLANG_WARN_UNGUARDED_AVAILABILITY = YES_AGGRESSIVE;
				CLANG_WARN_UNREACHABLE_CODE = YES;
				CLANG_WARN__DUPLICATE_METHOD_MATCH = YES;
				CODE_SIGN_IDENTITY = "iPhone Developer";
				COPY_PHASE_STRIP = NO;
				DEBUG_INFORMATION_FORMAT = dwarf;
				ENABLE_STRICT_OBJC_MSGSEND = YES;
				ENABLE_TESTABILITY = YES;
				GCC_C_LANGUAGE_STANDARD = gnu11;
				GCC_DYNAMIC_NO_PIC = NO;
				GCC_NO_COMMON_BLOCKS = YES;
				GCC_OPTIMIZATION_LEVEL = 0;
				GCC_PREPROCESSOR_DEFINITIONS = (
					"DEBUG=1",
					"$(inherited)",
				);
				GCC_WARN_64_TO_32_BIT_CONVERSION = YES;
				GCC_WARN_ABOUT_RETURN_TYPE = YES_ERROR;
				GCC_WARN_UNDECLARED_SELECTOR = YES;
				GCC_WARN_UNINITIALIZED_AUTOS = YES_AGGRESSIVE;
				GCC_WARN_UNUSED_FUNCTION = YES;
				GCC_WARN_UNUSED_VARIABLE = YES;
				IPHONEOS_DEPLOYMENT_TARGET = 11.2;
				MTL_ENABLE_DEBUG_INFO = YES;
				ONLY_ACTIVE_ARCH = YES;
				SDKROOT = iphoneos;
				SWIFT_ACTIVE_COMPILATION_CONDITIONS = DEBUG;
				SWIFT_OPTIMIZATION_LEVEL = "-Onone";
			};
			name = Debug;
		};
		A544A6A92030C6A800C06D15 /* Release */ = {
			isa = XCBuildConfiguration;
			buildSettings = {
				ALWAYS_SEARCH_USER_PATHS = NO;
				CLANG_ANALYZER_NONNULL = YES;
				CLANG_ANALYZER_NUMBER_OBJECT_CONVERSION = YES_AGGRESSIVE;
				CLANG_CXX_LANGUAGE_STANDARD = "gnu++14";
				CLANG_CXX_LIBRARY = "libc++";
				CLANG_ENABLE_MODULES = YES;
				CLANG_ENABLE_OBJC_ARC = YES;
				CLANG_WARN_BLOCK_CAPTURE_AUTORELEASING = YES;
				CLANG_WARN_BOOL_CONVERSION = YES;
				CLANG_WARN_COMMA = YES;
				CLANG_WARN_CONSTANT_CONVERSION = YES;
				CLANG_WARN_DIRECT_OBJC_ISA_USAGE = YES_ERROR;
				CLANG_WARN_DOCUMENTATION_COMMENTS = YES;
				CLANG_WARN_EMPTY_BODY = YES;
				CLANG_WARN_ENUM_CONVERSION = YES;
				CLANG_WARN_INFINITE_RECURSION = YES;
				CLANG_WARN_INT_CONVERSION = YES;
				CLANG_WARN_NON_LITERAL_NULL_CONVERSION = YES;
				CLANG_WARN_OBJC_LITERAL_CONVERSION = YES;
				CLANG_WARN_OBJC_ROOT_CLASS = YES_ERROR;
				CLANG_WARN_RANGE_LOOP_ANALYSIS = YES;
				CLANG_WARN_STRICT_PROTOTYPES = YES;
				CLANG_WARN_SUSPICIOUS_MOVE = YES;
				CLANG_WARN_UNGUARDED_AVAILABILITY = YES_AGGRESSIVE;
				CLANG_WARN_UNREACHABLE_CODE = YES;
				CLANG_WARN__DUPLICATE_METHOD_MATCH = YES;
				CODE_SIGN_IDENTITY = "iPhone Developer";
				COPY_PHASE_STRIP = NO;
				DEBUG_INFORMATION_FORMAT = "dwarf-with-dsym";
				ENABLE_NS_ASSERTIONS = NO;
				ENABLE_STRICT_OBJC_MSGSEND = YES;
				GCC_C_LANGUAGE_STANDARD = gnu11;
				GCC_NO_COMMON_BLOCKS = YES;
				GCC_WARN_64_TO_32_BIT_CONVERSION = YES;
				GCC_WARN_ABOUT_RETURN_TYPE = YES_ERROR;
				GCC_WARN_UNDECLARED_SELECTOR = YES;
				GCC_WARN_UNINITIALIZED_AUTOS = YES_AGGRESSIVE;
				GCC_WARN_UNUSED_FUNCTION = YES;
				GCC_WARN_UNUSED_VARIABLE = YES;
				IPHONEOS_DEPLOYMENT_TARGET = 11.2;
				MTL_ENABLE_DEBUG_INFO = NO;
				SDKROOT = iphoneos;
				SWIFT_OPTIMIZATION_LEVEL = "-Owholemodule";
				VALIDATE_PRODUCT = YES;
			};
			name = Release;
		};
		A544A6AB2030C6A800C06D15 /* Debug */ = {
			isa = XCBuildConfiguration;
			buildSettings = {
				ASSETCATALOG_COMPILER_APPICON_NAME = AppIcon;
				CODE_SIGN_STYLE = Automatic;
				DEVELOPMENT_TEAM = QPM9EH399T;
				INFOPLIST_FILE = News/Info.plist;
				LD_RUNPATH_SEARCH_PATHS = "$(inherited) @executable_path/Frameworks";
				PRODUCT_BUNDLE_IDENTIFIER = ru.serik.News;
				PRODUCT_NAME = "$(TARGET_NAME)";
				SWIFT_VERSION = 4.0;
				TARGETED_DEVICE_FAMILY = "1,2";
			};
			name = Debug;
		};
		A544A6AC2030C6A800C06D15 /* Release */ = {
			isa = XCBuildConfiguration;
			buildSettings = {
				ASSETCATALOG_COMPILER_APPICON_NAME = AppIcon;
				CODE_SIGN_STYLE = Automatic;
				DEVELOPMENT_TEAM = QPM9EH399T;
				INFOPLIST_FILE = News/Info.plist;
				LD_RUNPATH_SEARCH_PATHS = "$(inherited) @executable_path/Frameworks";
				PRODUCT_BUNDLE_IDENTIFIER = ru.serik.News;
				PRODUCT_NAME = "$(TARGET_NAME)";
				SWIFT_VERSION = 4.0;
				TARGETED_DEVICE_FAMILY = "1,2";
			};
			name = Release;
		};
/* End XCBuildConfiguration section */

/* Begin XCConfigurationList section */
		A544A6902030C6A800C06D15 /* Build configuration list for PBXProject "News" */ = {
			isa = XCConfigurationList;
			buildConfigurations = (
				A544A6A82030C6A800C06D15 /* Debug */,
				A544A6A92030C6A800C06D15 /* Release */,
			);
			defaultConfigurationIsVisible = 0;
			defaultConfigurationName = Release;
		};
		A544A6AA2030C6A800C06D15 /* Build configuration list for PBXNativeTarget "News" */ = {
			isa = XCConfigurationList;
			buildConfigurations = (
				A544A6AB2030C6A800C06D15 /* Debug */,
				A544A6AC2030C6A800C06D15 /* Release */,
			);
			defaultConfigurationIsVisible = 0;
			defaultConfigurationName = Release;
		};
/* End XCConfigurationList section */

/* Begin XCVersionGroup section */
		A544A69F2030C6A800C06D15 /* News.xcdatamodeld */ = {
			isa = XCVersionGroup;
			children = (
				A544A6A02030C6A800C06D15 /* News.xcdatamodel */,
			);
			currentVersion = A544A6A02030C6A800C06D15 /* News.xcdatamodel */;
			path = News.xcdatamodeld;
			sourceTree = "<group>";
			versionGroupType = wrapper.xcdatamodel;
		};
/* End XCVersionGroup section */
	};
	rootObject = A544A68D2030C6A800C06D15 /* Project object */;
}
